
Microsoft Visual Studio Solution File, Format Version 12.00
# Visual Studio Version 16
VisualStudioVersion = 16.0.30503.244
MinimumVisualStudioVersion = 10.0.40219.1
Project("{FAE04EC0-301F-11D3-BF4B-00C04F79EFBC}") = "Backend_test-PRISM", "Backend_test-PRISM\Backend_test-PRISM.csproj", "{97FB161C-19D6-4F94-AE5C-1574C525F406}"
EndProject
Global
	GlobalSection(SolutionConfigurationPlatforms) = preSolution
		Debug|Any CPU = Debug|Any CPU
		Release|Any CPU = Release|Any CPU
	EndGlobalSection
	GlobalSection(ProjectConfigurationPlatforms) = postSolution
		{97FB161C-19D6-4F94-AE5C-1574C525F406}.Debug|Any CPU.ActiveCfg = Debug|Any CPU
		{97FB161C-19D6-4F94-AE5C-1574C525F406}.Debug|Any CPU.Build.0 = Debug|Any CPU
		{97FB161C-19D6-4F94-AE5C-1574C525F406}.Release|Any CPU.ActiveCfg = Release|Any CPU
		{97FB161C-19D6-4F94-AE5C-1574C525F406}.Release|Any CPU.Build.0 = Release|Any CPU
	EndGlobalSection
	GlobalSection(SolutionProperties) = preSolution
		HideSolutionNode = FALSE
	EndGlobalSection
	GlobalSection(ExtensibilityGlobals) = postSolution
		SolutionGuid = {68A7CC60-C785-427A-8496-004A0B527B50}
	EndGlobalSection
EndGlobal
